
Microsoft Visual Studio Solution File, Format Version 12.00
# Visual Studio Version 17
VisualStudioVersion = 17.4.33122.133
MinimumVisualStudioVersion = 10.0.40219.1
Project("{FAE04EC0-301F-11D3-BF4B-00C04F79EFBC}") = "StringCheckerExtension", "StringCheckerExtension\StringCheckerExtension.csproj", "{3D49162E-5702-4BD2-B81A-606A867E7F3B}"
EndProject
Global
	GlobalSection(SolutionConfigurationPlatforms) = preSolution
		Debug|Any CPU = Debug|Any CPU
		Release|Any CPU = Release|Any CPU
	EndGlobalSection
	GlobalSection(ProjectConfigurationPlatforms) = postSolution
		{3D49162E-5702-4BD2-B81A-606A867E7F3B}.Debug|Any CPU.ActiveCfg = Debug|Any CPU
		{3D49162E-5702-4BD2-B81A-606A867E7F3B}.Debug|Any CPU.Build.0 = Debug|Any CPU
		{3D49162E-5702-4BD2-B81A-606A867E7F3B}.Release|Any CPU.ActiveCfg = Release|Any CPU
		{3D49162E-5702-4BD2-B81A-606A867E7F3B}.Release|Any CPU.Build.0 = Release|Any CPU
	EndGlobalSection
	GlobalSection(SolutionProperties) = preSolution
		HideSolutionNode = FALSE
	EndGlobalSection
	GlobalSection(ExtensibilityGlobals) = postSolution
		SolutionGuid = {5C6D9795-55A5-4C4F-8448-3BEF0988385D}
	EndGlobalSection
EndGlobal
